{
  "name": "deploy-flow-rehearsal",
  "version": "1.0.0",
  "lockfileVersion": 3,
  "requires": true,
  "packages": {
    "": {
      "name": "deploy-flow-rehearsal",
      "version": "1.0.0",
      "dependencies": {
        "dayjs": "1.10.0",
        "lodash": "4.17.15",
        "minimist": "1.2.6",
        "ms": "2.0.0"
      },
      "devDependencies": {
        "prettier": "2.0.0"
      }
    },
    "node_modules/dayjs": {
      "version": "1.10.0",
      "resolved": "https://registry.npmjs.org/dayjs/-/dayjs-1.10.0.tgz",
      "integrity": "sha512-U/yusl5TQPvU1Tlhsu3A82Ebn4BNKHJMIk9AePYHCmGtTXcuPkODiEhkzqA8mnQ0bbgoR6+oha2ioZEewOiP2A==",
      "license": "MIT"
    },
    "node_modules/lodash": {
      "version": "4.17.15",
      "resolved": "https://registry.npmjs.org/lodash/-/lodash-4.17.15.tgz",
      "integrity": "sha512-8xOcRHvCjnocdS5cpwXQXVzmmh5e5+saE2QGoeQmbKmRS6J3VQppPOIt0MnmE+4xlZoumy0GPG0D0MVIQbNA1A==",
      "license": "MIT"
    },
    "node_modules/minimist": {
      "version": "1.2.6",
      "resolved": "https://registry.npmjs.org/minimist/-/minimist-1.2.6.tgz",
      "integrity": "sha512-Jsjnk4bw3YJqYzbdyBiNsPWHPfO++UGG749Cxs6peCu5Xg4nrena6OVxOYxrQTqww0Jmwt+Ref8rggumkTLz9Q==",
      "license": "MIT"
    },
    "node_modules/ms": {
      "version": "2.0.0",
      "resolved": "https://registry.npmjs.org/ms/-/ms-2.0.0.tgz",
      "integrity": "sha512-Tpp60P6IUJDTuOq/5Z8cdskzJujfwqfOTkrwIwj7IRISpnkJnT6SyJ4PCPnGMoFjC9ddhal5KVIYtAt97ix05A==",
      "license": "MIT"
    },
    "node_modules/prettier": {
      "version": "2.0.0",
      "resolved": "https://registry.npmjs.org/prettier/-/prettier-2.0.0.tgz",
      "integrity": "sha512-vI55PC+GFLOVtpwr2di1mYhJF36v+kztJov8sx3AmqbfdA+2Dhozxb+3e1hTgoV9lyhnVJFF3Z8GCVeMBOS1bA==",
      "dev": true,
      "license": "MIT",
      "bin": {
        "prettier": "bin-prettier.js"
      },
      "engines": {
        "node": ">=10.13.0"
      }
    }
  }
}
